// !$*UTF8*$!
{
	archiveVersion = 1;
	classes = {
	};
	objectVersion = 46;
	objects = {

/* Begin PBXBuildFile section */
		C4BD97E119986866003A4A58 /* Foundation.framework in Frameworks */ = {isa = PBXBuildFile; fileRef = C4BD97E019986866003A4A58 /* Foundation.framework */; };
		C4BD97E319986866003A4A58 /* CoreGraphics.framework in Frameworks */ = {isa = PBXBuildFile; fileRef = C4BD97E219986866003A4A58 /* CoreGraphics.framework */; };
		C4BD97E519986866003A4A58 /* UIKit.framework in Frameworks */ = {isa = PBXBuildFile; fileRef = C4BD97E419986866003A4A58 /* UIKit.framework */; };
		C4BD97EB19986866003A4A58 /* InfoPlist.strings in Resources */ = {isa = PBXBuildFile; fileRef = C4BD97E919986866003A4A58 /* InfoPlist.strings */; };
		C4BD97ED19986866003A4A58 /* main.m in Sources */ = {isa = PBXBuildFile; fileRef = C4BD97EC19986866003A4A58 /* main.m */; };
		C4BD97F119986866003A4A58 /* AppDelegate.m in Sources */ = {isa = PBXBuildFile; fileRef = C4BD97F019986866003A4A58 /* AppDelegate.m */; };
		C4BD97F419986866003A4A58 /* Main.storyboard in Resources */ = {isa = PBXBuildFile; fileRef = C4BD97F219986866003A4A58 /* Main.storyboard */; };
		C4BD97F719986866003A4A58 /* ViewController.m in Sources */ = {isa = PBXBuildFile; fileRef = C4BD97F619986866003A4A58 /* ViewController.m */; };
		C4BD97F919986867003A4A58 /* Images.xcassets in Resources */ = {isa = PBXBuildFile; fileRef = C4BD97F819986867003A4A58 /* Images.xcassets */; };
		C4BD980019986867003A4A58 /* XCTest.framework in Frameworks */ = {isa = PBXBuildFile; fileRef = C4BD97FF19986867003A4A58 /* XCTest.framework */; };
		C4BD980119986867003A4A58 /* Foundation.framework in Frameworks */ = {isa = PBXBuildFile; fileRef = C4BD97E019986866003A4A58 /* Foundation.framework */; };
		C4BD980219986867003A4A58 /* UIKit.framework in Frameworks */ = {isa = PBXBuildFile; fileRef = C4BD97E419986866003A4A58 /* UIKit.framework */; };
		C4BD980A19986867003A4A58 /* InfoPlist.strings in Resources */ = {isa = PBXBuildFile; fileRef = C4BD980819986867003A4A58 /* InfoPlist.strings */; };
		C4BD980C19986867003A4A58 /* NTU_day_1_music_appTests.m in Sources */ = {isa = PBXBuildFile; fileRef = C4BD980B19986867003A4A58 /* NTU_day_1_music_appTests.m */; };
/* End PBXBuildFile section */

/* Begin PBXContainerItemProxy section */
		C4BD980319986867003A4A58 /* PBXContainerItemProxy */ = {
			isa = PBXContainerItemProxy;
			containerPortal = C4BD97D519986866003A4A58 /* Project object */;
			proxyType = 1;
			remoteGlobalIDString = C4BD97DC19986866003A4A58;
			remoteInfo = "NTU day 1 music app";
		};
/* End PBXContainerItemProxy section */

/* Begin PBXFileReference section */
		C4BD97DD19986866003A4A58 /* NTU day 1 music app.app */ = {isa = PBXFileReference; explicitFileType = wrapper.application; includeInIndex = 0; path = "NTU day 1 music app.app"; sourceTree = BUILT_PRODUCTS_DIR; };
		C4BD97E019986866003A4A58 /* Foundation.framework */ = {isa = PBXFileReference; lastKnownFileType = wrapper.framework; name = Foundation.framework; path = System/Library/Frameworks/Foundation.framework; sourceTree = SDKROOT; };
		C4BD97E219986866003A4A58 /* CoreGraphics.framework */ = {isa = PBXFileReference; lastKnownFileType = wrapper.framework; name = CoreGraphics.framework; path = System/Library/Frameworks/CoreGraphics.framework; sourceTree = SDKROOT; };
		C4BD97E419986866003A4A58 /* UIKit.framework */ = {isa = PBXFileReference; lastKnownFileType = wrapper.framework; name = UIKit.framework; path = System/Library/Frameworks/UIKit.framework; sourceTree = SDKROOT; };
		C4BD97E819986866003A4A58 /* NTU day 1 music app-Info.plist */ = {isa = PBXFileReference; lastKnownFileType = text.plist.xml; path = "NTU day 1 music app-Info.plist"; sourceTree = "<group>"; };
		C4BD97EA19986866003A4A58 /* en */ = {isa = PBXFileReference; lastKnownFileType = text.plist.strings; name = en; path = en.lproj/InfoPlist.strings; sourceTree = "<group>"; };
		C4BD97EC19986866003A4A58 /* main.m */ = {isa = PBXFileReference; lastKnownFileType = sourcecode.c.objc; path = main.m; sourceTree = "<group>"; };
		C4BD97EE19986866003A4A58 /* NTU day 1 music app-Prefix.pch */ = {isa = PBXFileReference; lastKnownFileType = sourcecode.c.h; path = "NTU day 1 music app-Prefix.pch"; sourceTree = "<group>"; };
		C4BD97EF19986866003A4A58 /* AppDelegate.h */ = {isa = PBXFileReference; lastKnownFileType = sourcecode.c.h; path = AppDelegate.h; sourceTree = "<group>"; };
		C4BD97F019986866003A4A58 /* AppDelegate.m */ = {isa = PBXFileReference; lastKnownFileType = sourcecode.c.objc; path = AppDelegate.m; sourceTree = "<group>"; };
		C4BD97F319986866003A4A58 /* Base */ = {isa = PBXFileReference; lastKnownFileType = file.storyboard; name = Base; path = Base.lproj/Main.storyboard; sourceTree = "<group>"; };
		C4BD97F519986866003A4A58 /* ViewController.h */ = {isa = PBXFileReference; lastKnownFileType = sourcecode.c.h; path = ViewController.h; sourceTree = "<group>"; };
		C4BD97F619986866003A4A58 /* ViewController.m */ = {isa = PBXFileReference; lastKnownFileType = sourcecode.c.objc; path = ViewController.m; sourceTree = "<group>"; };
		C4BD97F819986867003A4A58 /* Images.xcassets */ = {isa = PBXFileReference; lastKnownFileType = folder.assetcatalog; path = Images.xcassets; sourceTree = "<group>"; };
		C4BD97FE19986867003A4A58 /* NTU day 1 music appTests.xctest */ = {isa = PBXFileReference; explicitFileType = wrapper.cfbundle; includeInIndex = 0; path = "NTU day 1 music appTests.xctest"; sourceTree = BUILT_PRODUCTS_DIR; };
		C4BD97FF19986867003A4A58 /* XCTest.framework */ = {isa = PBXFileReference; lastKnownFileType = wrapper.framework; name = XCTest.framework; path = Library/Frameworks/XCTest.framework; sourceTree = DEVELOPER_DIR; };
		C4BD980719986867003A4A58 /* NTU day 1 music appTests-Info.plist */ = {isa = PBXFileReference; lastKnownFileType = text.plist.xml; path = "NTU day 1 music appTests-Info.plist"; sourceTree = "<group>"; };
		C4BD980919986867003A4A58 /* en */ = {isa = PBXFileReference; lastKnownFileType = text.plist.strings; name = en; path = en.lproj/InfoPlist.strings; sourceTree = "<group>"; };
		C4BD980B19986867003A4A58 /* NTU_day_1_music_appTests.m */ = {isa = PBXFileReference; lastKnownFileType = sourcecode.c.objc; path = NTU_day_1_music_appTests.m; sourceTree = "<group>"; };
/* End PBXFileReference section */

/* Begin PBXFrameworksBuildPhase section */
		C4BD97DA19986866003A4A58 /* Frameworks */ = {
			isa = PBXFrameworksBuildPhase;
			buildActionMask = 2147483647;
			files = (
				C4BD97E319986866003A4A58 /* CoreGraphics.framework in Frameworks */,
				C4BD97E519986866003A4A58 /* UIKit.framework in Frameworks */,
				C4BD97E119986866003A4A58 /* Foundation.framework in Frameworks */,
			);
			runOnlyForDeploymentPostprocessing = 0;
		};
		C4BD97FB19986867003A4A58 /* Frameworks */ = {
			isa = PBXFrameworksBuildPhase;
			buildActionMask = 2147483647;
			files = (
				C4BD980019986867003A4A58 /* XCTest.framework in Frameworks */,
				C4BD980219986867003A4A58 /* UIKit.framework in Frameworks */,
				C4BD980119986867003A4A58 /* Foundation.framework in Frameworks */,
			);
			runOnlyForDeploymentPostprocessing = 0;
		};
/* End PBXFrameworksBuildPhase section */

/* Begin PBXGroup section */
		C4BD97D419986866003A4A58 = {
			isa = PBXGroup;
			children = (
				C4BD97E619986866003A4A58 /* NTU day 1 music app */,
				C4BD980519986867003A4A58 /* NTU day 1 music appTests */,
				C4BD97DF19986866003A4A58 /* Frameworks */,
				C4BD97DE19986866003A4A58 /* Products */,
			);
			sourceTree = "<group>";
		};
		C4BD97DE19986866003A4A58 /* Products */ = {
			isa = PBXGroup;
			children = (
				C4BD97DD19986866003A4A58 /* NTU day 1 music app.app */,
				C4BD97FE19986867003A4A58 /* NTU day 1 music appTests.xctest */,
			);
			name = Products;
			sourceTree = "<group>";
		};
		C4BD97DF19986866003A4A58 /* Frameworks */ = {
			isa = PBXGroup;
			children = (
				C4BD97E019986866003A4A58 /* Foundation.framework */,
				C4BD97E219986866003A4A58 /* CoreGraphics.framework */,
				C4BD97E419986866003A4A58 /* UIKit.framework */,
				C4BD97FF19986867003A4A58 /* XCTest.framework */,
			);
			name = Frameworks;
			sourceTree = "<group>";
		};
		C4BD97E619986866003A4A58 /* NTU day 1 music app */ = {
			isa = PBXGroup;
			children = (
				C4BD97EF19986866003A4A58 /* AppDelegate.h */,
				C4BD97F019986866003A4A58 /* AppDelegate.m */,
				C4BD97F219986866003A4A58 /* Main.storyboard */,
				C4BD97F519986866003A4A58 /* ViewController.h */,
				C4BD97F619986866003A4A58 /* ViewController.m */,
				C4BD97F819986867003A4A58 /* Images.xcassets */,
				C4BD97E719986866003A4A58 /* Supporting Files */,
			);
			path = "NTU day 1 music app";
			sourceTree = "<group>";
		};
		C4BD97E719986866003A4A58 /* Supporting Files */ = {
			isa = PBXGroup;
			children = (
				C4BD97E819986866003A4A58 /* NTU day 1 music app-Info.plist */,
				C4BD97E919986866003A4A58 /* InfoPlist.strings */,
				C4BD97EC19986866003A4A58 /* main.m */,
				C4BD97EE19986866003A4A58 /* NTU day 1 music app-Prefix.pch */,
			);
			name = "Supporting Files";
			sourceTree = "<group>";
		};
		C4BD980519986867003A4A58 /* NTU day 1 music appTests */ = {
			isa = PBXGroup;
			children = (
				C4BD980B19986867003A4A58 /* NTU_day_1_music_appTests.m */,
				C4BD980619986867003A4A58 /* Supporting Files */,
			);
			path = "NTU day 1 music appTests";
			sourceTree = "<group>";
		};
		C4BD980619986867003A4A58 /* Supporting Files */ = {
			isa = PBXGroup;
			children = (
				C4BD980719986867003A4A58 /* NTU day 1 music appTests-Info.plist */,
				C4BD980819986867003A4A58 /* InfoPlist.strings */,
			);
			name = "Supporting Files";
			sourceTree = "<group>";
		};
/* End PBXGroup section */

/* Begin PBXNativeTarget section */
		C4BD97DC19986866003A4A58 /* NTU day 1 music app */ = {
			isa = PBXNativeTarget;
			buildConfigurationList = C4BD980F19986867003A4A58 /* Build configuration list for PBXNativeTarget "NTU day 1 music app" */;
			buildPhases = (
				C4BD97D919986866003A4A58 /* Sources */,
				C4BD97DA19986866003A4A58 /* Frameworks */,
				C4BD97DB19986866003A4A58 /* Resources */,
			);
			buildRules = (
			);
			dependencies = (
			);
			name = "NTU day 1 music app";
			productName = "NTU day 1 music app";
			productReference = C4BD97DD19986866003A4A58 /* NTU day 1 music app.app */;
			productType = "com.apple.product-type.application";
		};
		C4BD97FD19986867003A4A58 /* NTU day 1 music appTests */ = {
			isa = PBXNativeTarget;
			buildConfigurationList = C4BD981219986867003A4A58 /* Build configuration list for PBXNativeTarget "NTU day 1 music appTests" */;
			buildPhases = (
				C4BD97FA19986867003A4A58 /* Sources */,
				C4BD97FB19986867003A4A58 /* Frameworks */,
				C4BD97FC19986867003A4A58 /* Resources */,
			);
			buildRules = (
			);
			dependencies = (
				C4BD980419986867003A4A58 /* PBXTargetDependency */,
			);
			name = "NTU day 1 music appTests";
			productName = "NTU day 1 music appTests";
			productReference = C4BD97FE19986867003A4A58 /* NTU day 1 music appTests.xctest */;
			productType = "com.apple.product-type.bundle.unit-test";
		};
/* End PBXNativeTarget section */

/* Begin PBXProject section */
		C4BD97D519986866003A4A58 /* Project object */ = {
			isa = PBXProject;
			attributes = {
				LastUpgradeCheck = 0510;
				ORGANIZATIONNAME = "Li-Wei Tseng";
				TargetAttributes = {
					C4BD97FD19986867003A4A58 = {
						TestTargetID = C4BD97DC19986866003A4A58;
					};
				};
			};
			buildConfigurationList = C4BD97D819986866003A4A58 /* Build configuration list for PBXProject "NTU day 1 music app" */;
			compatibilityVersion = "Xcode 3.2";
			developmentRegion = English;
			hasScannedForEncodings = 0;
			knownRegions = (
				en,
				Base,
			);
			mainGroup = C4BD97D419986866003A4A58;
			productRefGroup = C4BD97DE19986866003A4A58 /* Products */;
			projectDirPath = "";
			projectRoot = "";
			targets = (
				C4BD97DC19986866003A4A58 /* NTU day 1 music app */,
				C4BD97FD19986867003A4A58 /* NTU day 1 music appTests */,
			);
		};
/* End PBXProject section */

/* Begin PBXResourcesBuildPhase section */
		C4BD97DB19986866003A4A58 /* Resources */ = {
			isa = PBXResourcesBuildPhase;
			buildActionMask = 2147483647;
			files = (
				C4BD97F919986867003A4A58 /* Images.xcassets in Resources */,
				C4BD97EB19986866003A4A58 /* InfoPlist.strings in Resources */,
				C4BD97F419986866003A4A58 /* Main.storyboard in Resources */,
			);
			runOnlyForDeploymentPostprocessing = 0;
		};
		C4BD97FC19986867003A4A58 /* Resources */ = {
			isa = PBXResourcesBuildPhase;
			buildActionMask = 2147483647;
			files = (
				C4BD980A19986867003A4A58 /* InfoPlist.strings in Resources */,
			);
			runOnlyForDeploymentPostprocessing = 0;
		};
/* End PBXResourcesBuildPhase section */

/* Begin PBXSourcesBuildPhase section */
		C4BD97D919986866003A4A58 /* Sources */ = {
			isa = PBXSourcesBuildPhase;
			buildActionMask = 2147483647;
			files = (
				C4BD97F719986866003A4A58 /* ViewController.m in Sources */,
				C4BD97F119986866003A4A58 /* AppDelegate.m in Sources */,
				C4BD97ED19986866003A4A58 /* main.m in Sources */,
			);
			runOnlyForDeploymentPostprocessing = 0;
		};
		C4BD97FA19986867003A4A58 /* Sources */ = {
			isa = PBXSourcesBuildPhase;
			buildActionMask = 2147483647;
			files = (
				C4BD980C19986867003A4A58 /* NTU_day_1_music_appTests.m in Sources */,
			);
			runOnlyForDeploymentPostprocessing = 0;
		};
/* End PBXSourcesBuildPhase section */

/* Begin PBXTargetDependency section */
		C4BD980419986867003A4A58 /* PBXTargetDependency */ = {
			isa = PBXTargetDependency;
			target = C4BD97DC19986866003A4A58 /* NTU day 1 music app */;
			targetProxy = C4BD980319986867003A4A58 /* PBXContainerItemProxy */;
		};
/* End PBXTargetDependency section */

/* Begin PBXVariantGroup section */
		C4BD97E919986866003A4A58 /* InfoPlist.strings */ = {
			isa = PBXVariantGroup;
			children = (
				C4BD97EA19986866003A4A58 /* en */,
			);
			name = InfoPlist.strings;
			sourceTree = "<group>";
		};
		C4BD97F219986866003A4A58 /* Main.storyboard */ = {
			isa = PBXVariantGroup;
			children = (
				C4BD97F319986866003A4A58 /* Base */,
			);
			name = Main.storyboard;
			sourceTree = "<group>";
		};
		C4BD980819986867003A4A58 /* InfoPlist.strings */ = {
			isa = PBXVariantGroup;
			children = (
				C4BD980919986867003A4A58 /* en */,
			);
			name = InfoPlist.strings;
			sourceTree = "<group>";
		};
/* End PBXVariantGroup section */

/* Begin XCBuildConfiguration section */
		C4BD980D19986867003A4A58 /* Debug */ = {
			isa = XCBuildConfiguration;
			buildSettings = {
				ALWAYS_SEARCH_USER_PATHS = NO;
				CLANG_CXX_LANGUAGE_STANDARD = "gnu++0x";
				CLANG_CXX_LIBRARY = "libc++";
				CLANG_ENABLE_MODULES = YES;
				CLANG_ENABLE_OBJC_ARC = YES;
				CLANG_WARN_BOOL_CONVERSION = YES;
				CLANG_WARN_CONSTANT_CONVERSION = YES;
				CLANG_WARN_DIRECT_OBJC_ISA_USAGE = YES_ERROR;
				CLANG_WARN_EMPTY_BODY = YES;
				CLANG_WARN_ENUM_CONVERSION = YES;
				CLANG_WARN_INT_CONVERSION = YES;
				CLANG_WARN_OBJC_ROOT_CLASS = YES_ERROR;
				CLANG_WARN__DUPLICATE_METHOD_MATCH = YES;
				"CODE_SIGN_IDENTITY[sdk=iphoneos*]" = "iPhone Developer";
				COPY_PHASE_STRIP = NO;
				GCC_C_LANGUAGE_STANDARD = gnu99;
				GCC_DYNAMIC_NO_PIC = NO;
				GCC_OPTIMIZATION_LEVEL = 0;
				GCC_PREPROCESSOR_DEFINITIONS = (
					"DEBUG=1",
					"$(inherited)",
				);
				GCC_SYMBOLS_PRIVATE_EXTERN = NO;
				GCC_WARN_64_TO_32_BIT_CONVERSION = YES;
				GCC_WARN_ABOUT_RETURN_TYPE = YES_ERROR;
				GCC_WARN_UNDECLARED_SELECTOR = YES;
				GCC_WARN_UNINITIALIZED_AUTOS = YES_AGGRESSIVE;
				GCC_WARN_UNUSED_FUNCTION = YES;
				GCC_WARN_UNUSED_VARIABLE = YES;
				IPHONEOS_DEPLOYMENT_TARGET = 7.1;
				ONLY_ACTIVE_ARCH = YES;
				SDKROOT = iphoneos;
			};
			name = Debug;
		};
		C4BD980E19986867003A4A58 /* Release */ = {
			isa = XCBuildConfiguration;
			buildSettings = {
				ALWAYS_SEARCH_USER_PATHS = NO;
				CLANG_CXX_LANGUAGE_STANDARD = "gnu++0x";
				CLANG_CXX_LIBRARY = "libc++";
				CLANG_ENABLE_MODULES = YES;
				CLANG_ENABLE_OBJC_ARC = YES;
				CLANG_WARN_BOOL_CONVERSION = YES;
				CLANG_WARN_CONSTANT_CONVERSION = YES;
				CLANG_WARN_DIRECT_OBJC_ISA_USAGE = YES_ERROR;
				CLANG_WARN_EMPTY_BODY = YES;
				CLANG_WARN_ENUM_CONVERSION = YES;
				CLANG_WARN_INT_CONVERSION = YES;
				CLANG_WARN_OBJC_ROOT_CLASS = YES_ERROR;
				CLANG_WARN__DUPLICATE_METHOD_MATCH = YES;
				"CODE_SIGN_IDENTITY[sdk=iphoneos*]" = "iPhone Developer";
				COPY_PHASE_STRIP = YES;
				ENABLE_NS_ASSERTIONS = NO;
				GCC_C_LANGUAGE_STANDARD = gnu99;
				GCC_WARN_64_TO_32_BIT_CONVERSION = YES;
				GCC_WARN_ABOUT_RETURN_TYPE = YES_ERROR;
				GCC_WARN_UNDECLARED_SELECTOR = YES;
				GCC_WARN_UNINITIALIZED_AUTOS = YES_AGGRESSIVE;
				GCC_WARN_UNUSED_FUNCTION = YES;
				GCC_WARN_UNUSED_VARIABLE = YES;
				IPHONEOS_DEPLOYMENT_TARGET = 7.1;
				SDKROOT = iphoneos;
				VALIDATE_PRODUCT = YES;
			};
			name = Release;
		};
		C4BD981019986867003A4A58 /* Debug */ = {
			isa = XCBuildConfiguration;
			buildSettings = {
				ASSETCATALOG_COMPILER_APPICON_NAME = AppIcon;
				ASSETCATALOG_COMPILER_LAUNCHIMAGE_NAME = LaunchImage;
				GCC_PRECOMPILE_PREFIX_HEADER = YES;
				GCC_PREFIX_HEADER = "NTU day 1 music app/NTU day 1 music app-Prefix.pch";
				INFOPLIST_FILE = "NTU day 1 music app/NTU day 1 music app-Info.plist";
				PRODUCT_NAME = "$(TARGET_NAME)";
				WRAPPER_EXTENSION = app;
			};
			name = Debug;
		};
		C4BD981119986867003A4A58 /* Release */ = {
			isa = XCBuildConfiguration;
			buildSettings = {
				ASSETCATALOG_COMPILER_APPICON_NAME = AppIcon;
				ASSETCATALOG_COMPILER_LAUNCHIMAGE_NAME = LaunchImage;
				GCC_PRECOMPILE_PREFIX_HEADER = YES;
				GCC_PREFIX_HEADER = "NTU day 1 music app/NTU day 1 music app-Prefix.pch";
				INFOPLIST_FILE = "NTU day 1 music app/NTU day 1 music app-Info.plist";
				PRODUCT_NAME = "$(TARGET_NAME)";
				WRAPPER_EXTENSION = app;
			};
			name = Release;
		};
		C4BD981319986867003A4A58 /* Debug */ = {
			isa = XCBuildConfiguration;
			buildSettings = {
				BUNDLE_LOADER = "$(BUILT_PRODUCTS_DIR)/NTU day 1 music app.app/NTU day 1 music app";
				FRAMEWORK_SEARCH_PATHS = (
					"$(SDKROOT)/Developer/Library/Frameworks",
					"$(inherited)",
					"$(DEVELOPER_FRAMEWORKS_DIR)",
				);
				GCC_PRECOMPILE_PREFIX_HEADER = YES;
				GCC_PREFIX_HEADER = "NTU day 1 music app/NTU day 1 music app-Prefix.pch";
				GCC_PREPROCESSOR_DEFINITIONS = (
					"DEBUG=1",
					"$(inherited)",
				);
				INFOPLIST_FILE = "NTU day 1 music appTests/NTU day 1 music appTests-Info.plist";
				PRODUCT_NAME = "$(TARGET_NAME)";
				TEST_HOST = "$(BUNDLE_LOADER)";
				WRAPPER_EXTENSION = xctest;
			};
			name = Debug;
		};
		C4BD981419986867003A4A58 /* Release */ = {
			isa = XCBuildConfiguration;
			buildSettings = {
				BUNDLE_LOADER = "$(BUILT_PRODUCTS_DIR)/NTU day 1 music app.app/NTU day 1 music app";
				FRAMEWORK_SEARCH_PATHS = (
					"$(SDKROOT)/Developer/Library/Frameworks",
					"$(inherited)",
					"$(DEVELOPER_FRAMEWORKS_DIR)",
				);
				GCC_PRECOMPILE_PREFIX_HEADER = YES;
				GCC_PREFIX_HEADER = "NTU day 1 music app/NTU day 1 music app-Prefix.pch";
				INFOPLIST_FILE = "NTU day 1 music appTests/NTU day 1 music appTests-Info.plist";
				PRODUCT_NAME = "$(TARGET_NAME)";
				TEST_HOST = "$(BUNDLE_LOADER)";
				WRAPPER_EXTENSION = xctest;
			};
			name = Release;
		};
/* End XCBuildConfiguration section */

/* Begin XCConfigurationList section */
		C4BD97D819986866003A4A58 /* Build configuration list for PBXProject "NTU day 1 music app" */ = {
			isa = XCConfigurationList;
			buildConfigurations = (
				C4BD980D19986867003A4A58 /* Debug */,
				C4BD980E19986867003A4A58 /* Release */,
			);
			defaultConfigurationIsVisible = 0;
			defaultConfigurationName = Release;
		};
		C4BD980F19986867003A4A58 /* Build configuration list for PBXNativeTarget "NTU day 1 music app" */ = {
			isa = XCConfigurationList;
			buildConfigurations = (
				C4BD981019986867003A4A58 /* Debug */,
				C4BD981119986867003A4A58 /* Release */,
			);
			defaultConfigurationIsVisible = 0;
		};
		C4BD981219986867003A4A58 /* Build configuration list for PBXNativeTarget "NTU day 1 music appTests" */ = {
			isa = XCConfigurationList;
			buildConfigurations = (
				C4BD981319986867003A4A58 /* Debug */,
				C4BD981419986867003A4A58 /* Release */,
			);
			defaultConfigurationIsVisible = 0;
		};
/* End XCConfigurationList section */
	};
	rootObject = C4BD97D519986866003A4A58 /* Project object */;
}
